{
  "name": "jmwy_park_mini_program",
  "lockfileVersion": 3,
  "requires": true,
  "packages": {
    "": {
      "dependencies": {
        "@vant/weapp": "^1.11.5"
      }
    },
    "node_modules/@vant/weapp": {
      "version": "1.11.5",
      "resolved": "https://registry.npmmirror.com/@vant/weapp/-/weapp-1.11.5.tgz",
      "integrity": "sha512-F/yebMtysTaDrqpCyk6AdQrY3lDB7y5TXNwHtBarxtL2NZzoH+D6pBwz9nY+d0vCin0w0IH9kDF57yb/BP3mNA=="
    }
  }
}
